// !$*UTF8*$!
{
	archiveVersion = 1;
	classes = {
	};
	objectVersion = 56;
	objects = {

/* Begin PBXBuildFile section */
		D60C80452D99557000B7DD58 /* AppDelegate.swift in Sources */ = {isa = PBXBuildFile; fileRef = D60C80442D99557000B7DD58 /* AppDelegate.swift */; };
		D60C80472D99557000B7DD58 /* SceneDelegate.swift in Sources */ = {isa = PBXBuildFile; fileRef = D60C80462D99557000B7DD58 /* SceneDelegate.swift */; };
		D60C804C2D99557000B7DD58 /* Main.storyboard in Resources */ = {isa = PBXBuildFile; fileRef = D60C804A2D99557000B7DD58 /* Main.storyboard */; };
		D60C804E2D99557200B7DD58 /* Assets.xcassets in Resources */ = {isa = PBXBuildFile; fileRef = D60C804D2D99557200B7DD58 /* Assets.xcassets */; };
		D60C80512D99557200B7DD58 /* LaunchScreen.storyboard in Resources */ = {isa = PBXBuildFile; fileRef = D60C804F2D99557200B7DD58 /* LaunchScreen.storyboard */; };
		D60C80592D9957C200B7DD58 /* lab2.md in Resources */ = {isa = PBXBuildFile; fileRef = D60C80582D9957C200B7DD58 /* lab2.md */; };
		D60C80612D99CC5300B7DD58 /* User.swift in Sources */ = {isa = PBXBuildFile; fileRef = D60C80602D99CC5300B7DD58 /* User.swift */; };
		D60C80632D99CDA100B7DD58 /* Expense.swift in Sources */ = {isa = PBXBuildFile; fileRef = D60C80622D99CDA100B7DD58 /* Expense.swift */; };
		D60C80662D99CE1B00B7DD58 /* DatePeriod.swift in Sources */ = {isa = PBXBuildFile; fileRef = D60C80652D99CE1B00B7DD58 /* DatePeriod.swift */; };
		D60C80732D99D6EC00B7DD58 /* SummaryView.swift in Sources */ = {isa = PBXBuildFile; fileRef = D60C80722D99D6EC00B7DD58 /* SummaryView.swift */; };
		D60C80772D99D84900B7DD58 /* README.md in Resources */ = {isa = PBXBuildFile; fileRef = D60C80762D99D84900B7DD58 /* README.md */; };
		D670D06B2DA4EAA500B1F092 /* AuthService.swift in Sources */ = {isa = PBXBuildFile; fileRef = D670D06A2DA4EAA000B1F092 /* AuthService.swift */; };
		D670D06F2DA4EC6500B1F092 /* AppRouter.swift in Sources */ = {isa = PBXBuildFile; fileRef = D670D06E2DA4EC5E00B1F092 /* AppRouter.swift */; };
		D670D0732DA4EDA200B1F092 /* LoginViewModel.swift in Sources */ = {isa = PBXBuildFile; fileRef = D670D0712DA4EDA200B1F092 /* LoginViewModel.swift */; };
		D670D0752DA4F81E00B1F092 /* ExpenseService.swift in Sources */ = {isa = PBXBuildFile; fileRef = D670D0742DA4F81A00B1F092 /* ExpenseService.swift */; };
		D670D0772DA4F85000B1F092 /* ExpensesViewModel.swift in Sources */ = {isa = PBXBuildFile; fileRef = D670D0762DA4F84B00B1F092 /* ExpensesViewModel.swift */; };
		D6AAA5BC2DB425D40037004A /* ExpensesViewController.swift in Sources */ = {isa = PBXBuildFile; fileRef = D6AAA5BB2DB425C50037004A /* ExpensesViewController.swift */; };
		D6AAA5BE2DB425F80037004A /* LoginViewController.swift in Sources */ = {isa = PBXBuildFile; fileRef = D6AAA5BD2DB425EE0037004A /* LoginViewController.swift */; };
		D6AAA5C32DB430750037004A /* AppCoordinator.swift in Sources */ = {isa = PBXBuildFile; fileRef = D6AAA5C22DB430750037004A /* AppCoordinator.swift */; };
		D6AAA5C52DB432DE0037004A /* ExpenseCache.swift in Sources */ = {isa = PBXBuildFile; fileRef = D6AAA5C42DB432DE0037004A /* ExpenseCache.swift */; };
/* End PBXBuildFile section */

/* Begin PBXFileReference section */
		D60C80412D99557000B7DD58 /* ios-app.app */ = {isa = PBXFileReference; explicitFileType = wrapper.application; includeInIndex = 0; path = "ios-app.app"; sourceTree = BUILT_PRODUCTS_DIR; };
		D60C80442D99557000B7DD58 /* AppDelegate.swift */ = {isa = PBXFileReference; lastKnownFileType = sourcecode.swift; path = AppDelegate.swift; sourceTree = "<group>"; };
		D60C80462D99557000B7DD58 /* SceneDelegate.swift */ = {isa = PBXFileReference; lastKnownFileType = sourcecode.swift; path = SceneDelegate.swift; sourceTree = "<group>"; };
		D60C804B2D99557000B7DD58 /* Base */ = {isa = PBXFileReference; lastKnownFileType = file.storyboard; name = Base; path = Base.lproj/Main.storyboard; sourceTree = "<group>"; };
		D60C804D2D99557200B7DD58 /* Assets.xcassets */ = {isa = PBXFileReference; lastKnownFileType = folder.assetcatalog; path = Assets.xcassets; sourceTree = "<group>"; };
		D60C80502D99557200B7DD58 /* Base */ = {isa = PBXFileReference; lastKnownFileType = file.storyboard; name = Base; path = Base.lproj/LaunchScreen.storyboard; sourceTree = "<group>"; };
		D60C80522D99557200B7DD58 /* Info.plist */ = {isa = PBXFileReference; lastKnownFileType = text.plist.xml; path = Info.plist; sourceTree = "<group>"; };
		D60C80582D9957C200B7DD58 /* lab2.md */ = {isa = PBXFileReference; fileEncoding = 4; lastKnownFileType = net.daringfireball.markdown; path = lab2.md; sourceTree = "<group>"; };
		D60C80602D99CC5300B7DD58 /* User.swift */ = {isa = PBXFileReference; lastKnownFileType = sourcecode.swift; path = User.swift; sourceTree = "<group>"; };
		D60C80622D99CDA100B7DD58 /* Expense.swift */ = {isa = PBXFileReference; lastKnownFileType = sourcecode.swift; path = Expense.swift; sourceTree = "<group>"; };
		D60C80652D99CE1B00B7DD58 /* DatePeriod.swift */ = {isa = PBXFileReference; lastKnownFileType = sourcecode.swift; path = DatePeriod.swift; sourceTree = "<group>"; };
		D60C80722D99D6EC00B7DD58 /* SummaryView.swift */ = {isa = PBXFileReference; lastKnownFileType = sourcecode.swift; path = SummaryView.swift; sourceTree = "<group>"; };
		D60C80762D99D84900B7DD58 /* README.md */ = {isa = PBXFileReference; lastKnownFileType = net.daringfireball.markdown; path = README.md; sourceTree = "<group>"; };
		D670D06A2DA4EAA000B1F092 /* AuthService.swift */ = {isa = PBXFileReference; lastKnownFileType = sourcecode.swift; path = AuthService.swift; sourceTree = "<group>"; };
		D670D06E2DA4EC5E00B1F092 /* AppRouter.swift */ = {isa = PBXFileReference; lastKnownFileType = sourcecode.swift; path = AppRouter.swift; sourceTree = "<group>"; };
		D670D0712DA4EDA200B1F092 /* LoginViewModel.swift */ = {isa = PBXFileReference; lastKnownFileType = sourcecode.swift; path = LoginViewModel.swift; sourceTree = "<group>"; };
		D670D0742DA4F81A00B1F092 /* ExpenseService.swift */ = {isa = PBXFileReference; lastKnownFileType = sourcecode.swift; path = ExpenseService.swift; sourceTree = "<group>"; };
		D670D0762DA4F84B00B1F092 /* ExpensesViewModel.swift */ = {isa = PBXFileReference; lastKnownFileType = sourcecode.swift; path = ExpensesViewModel.swift; sourceTree = "<group>"; };
		D6AAA5BB2DB425C50037004A /* ExpensesViewController.swift */ = {isa = PBXFileReference; lastKnownFileType = sourcecode.swift; path = ExpensesViewController.swift; sourceTree = "<group>"; };
		D6AAA5BD2DB425EE0037004A /* LoginViewController.swift */ = {isa = PBXFileReference; lastKnownFileType = sourcecode.swift; path = LoginViewController.swift; sourceTree = "<group>"; };
		D6AAA5C22DB430750037004A /* AppCoordinator.swift */ = {isa = PBXFileReference; lastKnownFileType = sourcecode.swift; path = AppCoordinator.swift; sourceTree = "<group>"; };
		D6AAA5C42DB432DE0037004A /* ExpenseCache.swift */ = {isa = PBXFileReference; lastKnownFileType = sourcecode.swift; path = ExpenseCache.swift; sourceTree = "<group>"; };
/* End PBXFileReference section */

/* Begin PBXFrameworksBuildPhase section */
		D60C803E2D99557000B7DD58 /* Frameworks */ = {
			isa = PBXFrameworksBuildPhase;
			buildActionMask = 2147483647;
			files = (
			);
			runOnlyForDeploymentPostprocessing = 0;
		};
/* End PBXFrameworksBuildPhase section */

/* Begin PBXGroup section */
		D60C80382D99557000B7DD58 = {
			isa = PBXGroup;
			children = (
				D60C80432D99557000B7DD58 /* ios-app */,
				D60C80422D99557000B7DD58 /* Products */,
			);
			sourceTree = "<group>";
		};
		D60C80422D99557000B7DD58 /* Products */ = {
			isa = PBXGroup;
			children = (
				D60C80412D99557000B7DD58 /* ios-app.app */,
			);
			name = Products;
			sourceTree = "<group>";
		};
		D60C80432D99557000B7DD58 /* ios-app */ = {
			isa = PBXGroup;
			children = (
				D6AAA5BF2DB4304D0037004A /* Coordinator */,
				D670D0702DA4ED9300B1F092 /* App */,
				D670D06D2DA4EC4700B1F092 /* Router */,
				D670D0662DA4E76F00B1F092 /* Service */,
				D670D0722DA4EDA200B1F092 /* ViewModel */,
				D60C80682D99CEB300B7DD58 /* View */,
				D60C805B2D99CBCA00B7DD58 /* Model */,
				D60C80582D9957C200B7DD58 /* lab2.md */,
				D60C804A2D99557000B7DD58 /* Main.storyboard */,
				D60C804D2D99557200B7DD58 /* Assets.xcassets */,
				D60C804F2D99557200B7DD58 /* LaunchScreen.storyboard */,
				D60C80522D99557200B7DD58 /* Info.plist */,
				D60C80762D99D84900B7DD58 /* README.md */,
			);
			path = "ios-app";
			sourceTree = "<group>";
		};
		D60C805B2D99CBCA00B7DD58 /* Model */ = {
			isa = PBXGroup;
			children = (
				D60C80602D99CC5300B7DD58 /* User.swift */,
				D60C80622D99CDA100B7DD58 /* Expense.swift */,
				D60C80652D99CE1B00B7DD58 /* DatePeriod.swift */,
			);
			path = Model;
			sourceTree = "<group>";
		};
		D60C80682D99CEB300B7DD58 /* View */ = {
			isa = PBXGroup;
			children = (
				D6AAA5BD2DB425EE0037004A /* LoginViewController.swift */,
				D6AAA5BB2DB425C50037004A /* ExpensesViewController.swift */,
				D60C80722D99D6EC00B7DD58 /* SummaryView.swift */,
			);
			path = View;
			sourceTree = "<group>";
		};
		D670D0662DA4E76F00B1F092 /* Service */ = {
			isa = PBXGroup;
			children = (
				D6AAA5C42DB432DE0037004A /* ExpenseCache.swift */,
				D670D0742DA4F81A00B1F092 /* ExpenseService.swift */,
				D670D06A2DA4EAA000B1F092 /* AuthService.swift */,
			);
			path = Service;
			sourceTree = "<group>";
		};
		D670D06D2DA4EC4700B1F092 /* Router */ = {
			isa = PBXGroup;
			children = (
				D670D06E2DA4EC5E00B1F092 /* AppRouter.swift */,
			);
			path = Router;
			sourceTree = "<group>";
		};
		D670D0702DA4ED9300B1F092 /* App */ = {
			isa = PBXGroup;
			children = (
				D60C80442D99557000B7DD58 /* AppDelegate.swift */,
				D60C80462D99557000B7DD58 /* SceneDelegate.swift */,
			);
			path = App;
			sourceTree = "<group>";
		};
		D670D0722DA4EDA200B1F092 /* ViewModel */ = {
			isa = PBXGroup;
			children = (
				D670D0762DA4F84B00B1F092 /* ExpensesViewModel.swift */,
				D670D0712DA4EDA200B1F092 /* LoginViewModel.swift */,
			);
			path = ViewModel;
			sourceTree = "<group>";
		};
		D6AAA5BF2DB4304D0037004A /* Coordinator */ = {
			isa = PBXGroup;
			children = (
				D6AAA5C22DB430750037004A /* AppCoordinator.swift */,
			);
			path = Coordinator;
			sourceTree = "<group>";
		};
/* End PBXGroup section */

/* Begin PBXNativeTarget section */
		D60C80402D99557000B7DD58 /* ios-app */ = {
			isa = PBXNativeTarget;
			buildConfigurationList = D60C80552D99557200B7DD58 /* Build configuration list for PBXNativeTarget "ios-app" */;
			buildPhases = (
				D60C803D2D99557000B7DD58 /* Sources */,
				D60C803E2D99557000B7DD58 /* Frameworks */,
				D60C803F2D99557000B7DD58 /* Resources */,
			);
			buildRules = (
			);
			dependencies = (
			);
			name = "ios-app";
			productName = "ios-app";
			productReference = D60C80412D99557000B7DD58 /* ios-app.app */;
			productType = "com.apple.product-type.application";
		};
/* End PBXNativeTarget section */

/* Begin PBXProject section */
		D60C80392D99557000B7DD58 /* Project object */ = {
			isa = PBXProject;
			attributes = {
				BuildIndependentTargetsInParallel = 1;
				LastSwiftUpdateCheck = 1520;
				LastUpgradeCheck = 1520;
				TargetAttributes = {
					D60C80402D99557000B7DD58 = {
						CreatedOnToolsVersion = 15.2;
					};
				};
			};
			buildConfigurationList = D60C803C2D99557000B7DD58 /* Build configuration list for PBXProject "ios-app" */;
			compatibilityVersion = "Xcode 14.0";
			developmentRegion = en;
			hasScannedForEncodings = 0;
			knownRegions = (
				en,
				Base,
			);
			mainGroup = D60C80382D99557000B7DD58;
			productRefGroup = D60C80422D99557000B7DD58 /* Products */;
			projectDirPath = "";
			projectRoot = "";
			targets = (
				D60C80402D99557000B7DD58 /* ios-app */,
			);
		};
/* End PBXProject section */

/* Begin PBXResourcesBuildPhase section */
		D60C803F2D99557000B7DD58 /* Resources */ = {
			isa = PBXResourcesBuildPhase;
			buildActionMask = 2147483647;
			files = (
				D60C80592D9957C200B7DD58 /* lab2.md in Resources */,
				D60C80512D99557200B7DD58 /* LaunchScreen.storyboard in Resources */,
				D60C80772D99D84900B7DD58 /* README.md in Resources */,
				D60C804E2D99557200B7DD58 /* Assets.xcassets in Resources */,
				D60C804C2D99557000B7DD58 /* Main.storyboard in Resources */,
			);
			runOnlyForDeploymentPostprocessing = 0;
		};
/* End PBXResourcesBuildPhase section */

/* Begin PBXSourcesBuildPhase section */
		D60C803D2D99557000B7DD58 /* Sources */ = {
			isa = PBXSourcesBuildPhase;
			buildActionMask = 2147483647;
			files = (
				D6AAA5BE2DB425F80037004A /* LoginViewController.swift in Sources */,
				D60C80662D99CE1B00B7DD58 /* DatePeriod.swift in Sources */,
				D6AAA5BC2DB425D40037004A /* ExpensesViewController.swift in Sources */,
				D6AAA5C52DB432DE0037004A /* ExpenseCache.swift in Sources */,
				D60C80452D99557000B7DD58 /* AppDelegate.swift in Sources */,
				D670D0772DA4F85000B1F092 /* ExpensesViewModel.swift in Sources */,
				D60C80472D99557000B7DD58 /* SceneDelegate.swift in Sources */,
				D6AAA5C32DB430750037004A /* AppCoordinator.swift in Sources */,
				D60C80612D99CC5300B7DD58 /* User.swift in Sources */,
				D670D0732DA4EDA200B1F092 /* LoginViewModel.swift in Sources */,
				D670D06F2DA4EC6500B1F092 /* AppRouter.swift in Sources */,
				D670D0752DA4F81E00B1F092 /* ExpenseService.swift in Sources */,
				D60C80632D99CDA100B7DD58 /* Expense.swift in Sources */,
				D60C80732D99D6EC00B7DD58 /* SummaryView.swift in Sources */,
				D670D06B2DA4EAA500B1F092 /* AuthService.swift in Sources */,
			);
			runOnlyForDeploymentPostprocessing = 0;
		};
/* End PBXSourcesBuildPhase section */

/* Begin PBXVariantGroup section */
		D60C804A2D99557000B7DD58 /* Main.storyboard */ = {
			isa = PBXVariantGroup;
			children = (
				D60C804B2D99557000B7DD58 /* Base */,
			);
			name = Main.storyboard;
			sourceTree = "<group>";
		};
		D60C804F2D99557200B7DD58 /* LaunchScreen.storyboard */ = {
			isa = PBXVariantGroup;
			children = (
				D60C80502D99557200B7DD58 /* Base */,
			);
			name = LaunchScreen.storyboard;
			sourceTree = "<group>";
		};
/* End PBXVariantGroup section */

/* Begin XCBuildConfiguration section */
		D60C80532D99557200B7DD58 /* Debug */ = {
			isa = XCBuildConfiguration;
			buildSettings = {
				ALWAYS_SEARCH_USER_PATHS = NO;
				ASSETCATALOG_COMPILER_GENERATE_SWIFT_ASSET_SYMBOL_EXTENSIONS = YES;
				CLANG_ANALYZER_NONNULL = YES;
				CLANG_ANALYZER_NUMBER_OBJECT_CONVERSION = YES_AGGRESSIVE;
				CLANG_CXX_LANGUAGE_STANDARD = "gnu++20";
				CLANG_ENABLE_MODULES = YES;
				CLANG_ENABLE_OBJC_ARC = YES;
				CLANG_ENABLE_OBJC_WEAK = YES;
				CLANG_WARN_BLOCK_CAPTURE_AUTORELEASING = YES;
				CLANG_WARN_BOOL_CONVERSION = YES;
				CLANG_WARN_COMMA = YES;
				CLANG_WARN_CONSTANT_CONVERSION = YES;
				CLANG_WARN_DEPRECATED_OBJC_IMPLEMENTATIONS = YES;
				CLANG_WARN_DIRECT_OBJC_ISA_USAGE = YES_ERROR;
				CLANG_WARN_DOCUMENTATION_COMMENTS = YES;
				CLANG_WARN_EMPTY_BODY = YES;
				CLANG_WARN_ENUM_CONVERSION = YES;
				CLANG_WARN_INFINITE_RECURSION = YES;
				CLANG_WARN_INT_CONVERSION = YES;
				CLANG_WARN_NON_LITERAL_NULL_CONVERSION = YES;
				CLANG_WARN_OBJC_IMPLICIT_RETAIN_SELF = YES;
				CLANG_WARN_OBJC_LITERAL_CONVERSION = YES;
				CLANG_WARN_OBJC_ROOT_CLASS = YES_ERROR;
				CLANG_WARN_QUOTED_INCLUDE_IN_FRAMEWORK_HEADER = YES;
				CLANG_WARN_RANGE_LOOP_ANALYSIS = YES;
				CLANG_WARN_STRICT_PROTOTYPES = YES;
				CLANG_WARN_SUSPICIOUS_MOVE = YES;
				CLANG_WARN_UNGUARDED_AVAILABILITY = YES_AGGRESSIVE;
				CLANG_WARN_UNREACHABLE_CODE = YES;
				CLANG_WARN__DUPLICATE_METHOD_MATCH = YES;
				COPY_PHASE_STRIP = NO;
				DEBUG_INFORMATION_FORMAT = dwarf;
				ENABLE_STRICT_OBJC_MSGSEND = YES;
				ENABLE_TESTABILITY = YES;
				ENABLE_USER_SCRIPT_SANDBOXING = YES;
				GCC_C_LANGUAGE_STANDARD = gnu17;
				GCC_DYNAMIC_NO_PIC = NO;
				GCC_NO_COMMON_BLOCKS = YES;
				GCC_OPTIMIZATION_LEVEL = 0;
				GCC_PREPROCESSOR_DEFINITIONS = (
					"DEBUG=1",
					"$(inherited)",
				);
				GCC_WARN_64_TO_32_BIT_CONVERSION = YES;
				GCC_WARN_ABOUT_RETURN_TYPE = YES_ERROR;
				GCC_WARN_UNDECLARED_SELECTOR = YES;
				GCC_WARN_UNINITIALIZED_AUTOS = YES_AGGRESSIVE;
				GCC_WARN_UNUSED_FUNCTION = YES;
				GCC_WARN_UNUSED_VARIABLE = YES;
				IPHONEOS_DEPLOYMENT_TARGET = 17.2;
				LOCALIZATION_PREFERS_STRING_CATALOGS = YES;
				MTL_ENABLE_DEBUG_INFO = INCLUDE_SOURCE;
				MTL_FAST_MATH = YES;
				ONLY_ACTIVE_ARCH = YES;
				SDKROOT = iphoneos;
				SWIFT_ACTIVE_COMPILATION_CONDITIONS = "DEBUG $(inherited)";
				SWIFT_OPTIMIZATION_LEVEL = "-Onone";
			};
			name = Debug;
		};
		D60C80542D99557200B7DD58 /* Release */ = {
			isa = XCBuildConfiguration;
			buildSettings = {
				ALWAYS_SEARCH_USER_PATHS = NO;
				ASSETCATALOG_COMPILER_GENERATE_SWIFT_ASSET_SYMBOL_EXTENSIONS = YES;
				CLANG_ANALYZER_NONNULL = YES;
				CLANG_ANALYZER_NUMBER_OBJECT_CONVERSION = YES_AGGRESSIVE;
				CLANG_CXX_LANGUAGE_STANDARD = "gnu++20";
				CLANG_ENABLE_MODULES = YES;
				CLANG_ENABLE_OBJC_ARC = YES;
				CLANG_ENABLE_OBJC_WEAK = YES;
				CLANG_WARN_BLOCK_CAPTURE_AUTORELEASING = YES;
				CLANG_WARN_BOOL_CONVERSION = YES;
				CLANG_WARN_COMMA = YES;
				CLANG_WARN_CONSTANT_CONVERSION = YES;
				CLANG_WARN_DEPRECATED_OBJC_IMPLEMENTATIONS = YES;
				CLANG_WARN_DIRECT_OBJC_ISA_USAGE = YES_ERROR;
				CLANG_WARN_DOCUMENTATION_COMMENTS = YES;
				CLANG_WARN_EMPTY_BODY = YES;
				CLANG_WARN_ENUM_CONVERSION = YES;
				CLANG_WARN_INFINITE_RECURSION = YES;
				CLANG_WARN_INT_CONVERSION = YES;
				CLANG_WARN_NON_LITERAL_NULL_CONVERSION = YES;
				CLANG_WARN_OBJC_IMPLICIT_RETAIN_SELF = YES;
				CLANG_WARN_OBJC_LITERAL_CONVERSION = YES;
				CLANG_WARN_OBJC_ROOT_CLASS = YES_ERROR;
				CLANG_WARN_QUOTED_INCLUDE_IN_FRAMEWORK_HEADER = YES;
				CLANG_WARN_RANGE_LOOP_ANALYSIS = YES;
				CLANG_WARN_STRICT_PROTOTYPES = YES;
				CLANG_WARN_SUSPICIOUS_MOVE = YES;
				CLANG_WARN_UNGUARDED_AVAILABILITY = YES_AGGRESSIVE;
				CLANG_WARN_UNREACHABLE_CODE = YES;
				CLANG_WARN__DUPLICATE_METHOD_MATCH = YES;
				COPY_PHASE_STRIP = NO;
				DEBUG_INFORMATION_FORMAT = "dwarf-with-dsym";
				ENABLE_NS_ASSERTIONS = NO;
				ENABLE_STRICT_OBJC_MSGSEND = YES;
				ENABLE_USER_SCRIPT_SANDBOXING = YES;
				GCC_C_LANGUAGE_STANDARD = gnu17;
				GCC_NO_COMMON_BLOCKS = YES;
				GCC_WARN_64_TO_32_BIT_CONVERSION = YES;
				GCC_WARN_ABOUT_RETURN_TYPE = YES_ERROR;
				GCC_WARN_UNDECLARED_SELECTOR = YES;
				GCC_WARN_UNINITIALIZED_AUTOS = YES_AGGRESSIVE;
				GCC_WARN_UNUSED_FUNCTION = YES;
				GCC_WARN_UNUSED_VARIABLE = YES;
				IPHONEOS_DEPLOYMENT_TARGET = 17.2;
				LOCALIZATION_PREFERS_STRING_CATALOGS = YES;
				MTL_ENABLE_DEBUG_INFO = NO;
				MTL_FAST_MATH = YES;
				SDKROOT = iphoneos;
				SWIFT_COMPILATION_MODE = wholemodule;
				VALIDATE_PRODUCT = YES;
			};
			name = Release;
		};
		D60C80562D99557200B7DD58 /* Debug */ = {
			isa = XCBuildConfiguration;
			buildSettings = {
				ASSETCATALOG_COMPILER_APPICON_NAME = AppIcon;
				ASSETCATALOG_COMPILER_GLOBAL_ACCENT_COLOR_NAME = AccentColor;
				CODE_SIGN_STYLE = Automatic;
				CURRENT_PROJECT_VERSION = 1;
				GENERATE_INFOPLIST_FILE = YES;
				INFOPLIST_FILE = "ios-app/Info.plist";
				INFOPLIST_KEY_UIApplicationSupportsIndirectInputEvents = YES;
				INFOPLIST_KEY_UILaunchStoryboardName = LaunchScreen;
				INFOPLIST_KEY_UIMainStoryboardFile = Main;
				INFOPLIST_KEY_UISupportedInterfaceOrientations_iPad = "UIInterfaceOrientationPortrait UIInterfaceOrientationPortraitUpsideDown UIInterfaceOrientationLandscapeLeft UIInterfaceOrientationLandscapeRight";
				INFOPLIST_KEY_UISupportedInterfaceOrientations_iPhone = "UIInterfaceOrientationPortrait UIInterfaceOrientationLandscapeLeft UIInterfaceOrientationLandscapeRight";
				LD_RUNPATH_SEARCH_PATHS = (
					"$(inherited)",
					"@executable_path/Frameworks",
				);
				MARKETING_VERSION = 1.0;
				PRODUCT_BUNDLE_IDENTIFIER = "org.itmo.ios-app";
				PRODUCT_NAME = "$(TARGET_NAME)";
				SWIFT_EMIT_LOC_STRINGS = YES;
				SWIFT_VERSION = 5.0;
				TARGETED_DEVICE_FAMILY = "1,2";
			};
			name = Debug;
		};
		D60C80572D99557200B7DD58 /* Release */ = {
			isa = XCBuildConfiguration;
			buildSettings = {
				ASSETCATALOG_COMPILER_APPICON_NAME = AppIcon;
				ASSETCATALOG_COMPILER_GLOBAL_ACCENT_COLOR_NAME = AccentColor;
				CODE_SIGN_STYLE = Automatic;
				CURRENT_PROJECT_VERSION = 1;
				GENERATE_INFOPLIST_FILE = YES;
				INFOPLIST_FILE = "ios-app/Info.plist";
				INFOPLIST_KEY_UIApplicationSupportsIndirectInputEvents = YES;
				INFOPLIST_KEY_UILaunchStoryboardName = LaunchScreen;
				INFOPLIST_KEY_UIMainStoryboardFile = Main;
				INFOPLIST_KEY_UISupportedInterfaceOrientations_iPad = "UIInterfaceOrientationPortrait UIInterfaceOrientationPortraitUpsideDown UIInterfaceOrientationLandscapeLeft UIInterfaceOrientationLandscapeRight";
				INFOPLIST_KEY_UISupportedInterfaceOrientations_iPhone = "UIInterfaceOrientationPortrait UIInterfaceOrientationLandscapeLeft UIInterfaceOrientationLandscapeRight";
				LD_RUNPATH_SEARCH_PATHS = (
					"$(inherited)",
					"@executable_path/Frameworks",
				);
				MARKETING_VERSION = 1.0;
				PRODUCT_BUNDLE_IDENTIFIER = "org.itmo.ios-app";
				PRODUCT_NAME = "$(TARGET_NAME)";
				SWIFT_EMIT_LOC_STRINGS = YES;
				SWIFT_VERSION = 5.0;
				TARGETED_DEVICE_FAMILY = "1,2";
			};
			name = Release;
		};
/* End XCBuildConfiguration section */

/* Begin XCConfigurationList section */
		D60C803C2D99557000B7DD58 /* Build configuration list for PBXProject "ios-app" */ = {
			isa = XCConfigurationList;
			buildConfigurations = (
				D60C80532D99557200B7DD58 /* Debug */,
				D60C80542D99557200B7DD58 /* Release */,
			);
			defaultConfigurationIsVisible = 0;
			defaultConfigurationName = Release;
		};
		D60C80552D99557200B7DD58 /* Build configuration list for PBXNativeTarget "ios-app" */ = {
			isa = XCConfigurationList;
			buildConfigurations = (
				D60C80562D99557200B7DD58 /* Debug */,
				D60C80572D99557200B7DD58 /* Release */,
			);
			defaultConfigurationIsVisible = 0;
			defaultConfigurationName = Release;
		};
/* End XCConfigurationList section */
	};
	rootObject = D60C80392D99557000B7DD58 /* Project object */;
}
